
Microsoft Visual Studio Solution File, Format Version 12.00
# Visual Studio Version 17
VisualStudioVersion = 17.3.32901.215
MinimumVisualStudioVersion = 10.0.40219.1
Project("{9A19103F-16F7-4668-BE54-9A1E7A4F7556}") = "HotelRestaurantAPI", "HotelRestaurantAPI\HotelRestaurantAPI.csproj", "{5B37AA46-A469-483B-8CFC-BCDAF4746317}"
EndProject
Project("{9A19103F-16F7-4668-BE54-9A1E7A4F7556}") = "DeveloperApp", "DeveloperApp\DeveloperApp.csproj", "{5FBBC0ED-FB45-46E6-82C0-E2EE07BD37E7}"
EndProject
Global
	GlobalSection(SolutionConfigurationPlatforms) = preSolution
		Debug|Any CPU = Debug|Any CPU
		Release|Any CPU = Release|Any CPU
	EndGlobalSection
	GlobalSection(ProjectConfigurationPlatforms) = postSolution
		{5B37AA46-A469-483B-8CFC-BCDAF4746317}.Debug|Any CPU.ActiveCfg = Debug|Any CPU
		{5B37AA46-A469-483B-8CFC-BCDAF4746317}.Debug|Any CPU.Build.0 = Debug|Any CPU
		{5B37AA46-A469-483B-8CFC-BCDAF4746317}.Release|Any CPU.ActiveCfg = Release|Any CPU
		{5B37AA46-A469-483B-8CFC-BCDAF4746317}.Release|Any CPU.Build.0 = Release|Any CPU
		{5FBBC0ED-FB45-46E6-82C0-E2EE07BD37E7}.Debug|Any CPU.ActiveCfg = Debug|Any CPU
		{5FBBC0ED-FB45-46E6-82C0-E2EE07BD37E7}.Debug|Any CPU.Build.0 = Debug|Any CPU
		{5FBBC0ED-FB45-46E6-82C0-E2EE07BD37E7}.Release|Any CPU.ActiveCfg = Release|Any CPU
		{5FBBC0ED-FB45-46E6-82C0-E2EE07BD37E7}.Release|Any CPU.Build.0 = Release|Any CPU
	EndGlobalSection
	GlobalSection(SolutionProperties) = preSolution
		HideSolutionNode = FALSE
	EndGlobalSection
	GlobalSection(ExtensibilityGlobals) = postSolution
		SolutionGuid = {E1482C66-A417-455B-9DDD-15B982FDFC97}
	EndGlobalSection
EndGlobal
